# THIS IS AN AUTOGENERATED FILE. DO NOT EDIT THIS FILE DIRECTLY.
# yarn lockfile v1


"@fullcalendar/bootstrap@^6.1.11":
  version "6.1.11"
  resolved "https://registry.yarnpkg.com/@fullcalendar/bootstrap/-/bootstrap-6.1.11.tgz#4885801a4cf8712decee25b3b7880fe418bf5a81"
  integrity sha512-L0jYPBndxglEZnNgS3PL2803aMn8e8UDRoHFnESPHXNIi85FpIkXbFsYtv+eJ9Gr2elXd1i27nME9ySjGL6A+w==

"@fullcalendar/core@^6.1.11":
  version "6.1.11"
  resolved "https://registry.yarnpkg.com/@fullcalendar/core/-/core-6.1.11.tgz#f9630e83ae977e774992507635b1e7af4c339d37"
  integrity sha512-TjG7c8sUz+Vkui2FyCNJ+xqyu0nq653Ibe99A66LoW95oBo6tVhhKIaG1Wh0GVKymYiqAQN/OEdYTuj4ay27kA==
  dependencies:
    preact "~10.12.1"

"@fullcalendar/daygrid@^6.1.11", "@fullcalendar/daygrid@~6.1.11":
  version "6.1.11"
  resolved "https://registry.yarnpkg.com/@fullcalendar/daygrid/-/daygrid-6.1.11.tgz#83a5d4a94c314cf3a14b06bebba03b1b40e6d2ba"
  integrity sha512-hF5jJB7cgUIxWD5MVjj8IU407HISyLu7BWXcEIuTytkfr8oolOXeCazqnnjmRbnFOncoJQVstTtq6SIhaT32Xg==

"@fullcalendar/timegrid@^6.1.11":
  version "6.1.11"
  resolved "https://registry.yarnpkg.com/@fullcalendar/timegrid/-/timegrid-6.1.11.tgz#76b2fc4446d1e97819a4395dab4f3a7e44c7a9eb"
  integrity sha512-0seUHK/ferH89IeuCvV4Bib0zWjgK0nsptNdmAc9wDBxD/d9hm5Mdti0URJX6bDoRtsSfRDu5XsRcrzwoc+AUQ==
  dependencies:
    "@fullcalendar/daygrid" "~6.1.11"

preact@~10.12.1:
  version "10.12.1"
  resolved "https://registry.yarnpkg.com/preact/-/preact-10.12.1.tgz#8f9cb5442f560e532729b7d23d42fd1161354a21"
  integrity sha512-l8386ixSsBdbreOAkqtrwqHwdvR35ID8c3rKPa8lCWuO86dBi32QWHV4vfsZK1utLLFMvw+Z5Ad4XLkZzchscg==
